// !$*UTF8*$!
{
	archiveVersion = 1;
	classes = {
	};
	objectVersion = 77;
	objects = {

/* Begin PBXContainerItemProxy section */
		C4887AD22D424E4800DD2B41 /* PBXContainerItemProxy */ = {
			isa = PBXContainerItemProxy;
			containerPortal = C4887AB32D424E4600DD2B41 /* Project object */;
			proxyType = 1;
			remoteGlobalIDString = C4887ABA2D424E4600DD2B41;
			remoteInfo = lec2DemoMVP;
		};
		C4887ADC2D424E4800DD2B41 /* PBXContainerItemProxy */ = {
			isa = PBXContainerItemProxy;
			containerPortal = C4887AB32D424E4600DD2B41 /* Project object */;
			proxyType = 1;
			remoteGlobalIDString = C4887ABA2D424E4600DD2B41;
			remoteInfo = lec2DemoMVP;
		};
/* End PBXContainerItemProxy section */

/* Begin PBXFileReference section */
		C4887ABB2D424E4600DD2B41 /* lec2DemoMVP.app */ = {isa = PBXFileReference; explicitFileType = wrapper.application; includeInIndex = 0; path = lec2DemoMVP.app; sourceTree = BUILT_PRODUCTS_DIR; };
		C4887AD12D424E4800DD2B41 /* lec2DemoMVPTests.xctest */ = {isa = PBXFileReference; explicitFileType = wrapper.cfbundle; includeInIndex = 0; path = lec2DemoMVPTests.xctest; sourceTree = BUILT_PRODUCTS_DIR; };
		C4887ADB2D424E4800DD2B41 /* lec2DemoMVPUITests.xctest */ = {isa = PBXFileReference; explicitFileType = wrapper.cfbundle; includeInIndex = 0; path = lec2DemoMVPUITests.xctest; sourceTree = BUILT_PRODUCTS_DIR; };
/* End PBXFileReference section */

/* Begin PBXFileSystemSynchronizedBuildFileExceptionSet section */
		C4887AE32D424E4800DD2B41 /* Exceptions for "lec2DemoMVP" folder in "lec2DemoMVP" target */ = {
			isa = PBXFileSystemSynchronizedBuildFileExceptionSet;
			membershipExceptions = (
				Info.plist,
			);
			target = C4887ABA2D424E4600DD2B41 /* lec2DemoMVP */;
		};
/* End PBXFileSystemSynchronizedBuildFileExceptionSet section */

/* Begin PBXFileSystemSynchronizedRootGroup section */
		C4887ABD2D424E4600DD2B41 /* lec2DemoMVP */ = {
			isa = PBXFileSystemSynchronizedRootGroup;
			exceptions = (
				C4887AE32D424E4800DD2B41 /* Exceptions for "lec2DemoMVP" folder in "lec2DemoMVP" target */,
			);
			path = lec2DemoMVP;
			sourceTree = "<group>";
		};
		C4887AD42D424E4800DD2B41 /* lec2DemoMVPTests */ = {
			isa = PBXFileSystemSynchronizedRootGroup;
			path = lec2DemoMVPTests;
			sourceTree = "<group>";
		};
		C4887ADE2D424E4800DD2B41 /* lec2DemoMVPUITests */ = {
			isa = PBXFileSystemSynchronizedRootGroup;
			path = lec2DemoMVPUITests;
			sourceTree = "<group>";
		};
/* End PBXFileSystemSynchronizedRootGroup section */

/* Begin PBXFrameworksBuildPhase section */
		C4887AB82D424E4600DD2B41 /* Frameworks */ = {
			isa = PBXFrameworksBuildPhase;
			buildActionMask = 2147483647;
			files = (
			);
			runOnlyForDeploymentPostprocessing = 0;
		};
		C4887ACE2D424E4800DD2B41 /* Frameworks */ = {
			isa = PBXFrameworksBuildPhase;
			buildActionMask = 2147483647;
			files = (
			);
			runOnlyForDeploymentPostprocessing = 0;
		};
		C4887AD82D424E4800DD2B41 /* Frameworks */ = {
			isa = PBXFrameworksBuildPhase;
			buildActionMask = 2147483647;
			files = (
			);
			runOnlyForDeploymentPostprocessing = 0;
		};
/* End PBXFrameworksBuildPhase section */

/* Begin PBXGroup section */
		C4887AB22D424E4600DD2B41 = {
			isa = PBXGroup;
			children = (
				C4887ABD2D424E4600DD2B41 /* lec2DemoMVP */,
				C4887AD42D424E4800DD2B41 /* lec2DemoMVPTests */,
				C4887ADE2D424E4800DD2B41 /* lec2DemoMVPUITests */,
				C4887ABC2D424E4600DD2B41 /* Products */,
			);
			sourceTree = "<group>";
		};
		C4887ABC2D424E4600DD2B41 /* Products */ = {
			isa = PBXGroup;
			children = (
				C4887ABB2D424E4600DD2B41 /* lec2DemoMVP.app */,
				C4887AD12D424E4800DD2B41 /* lec2DemoMVPTests.xctest */,
				C4887ADB2D424E4800DD2B41 /* lec2DemoMVPUITests.xctest */,
			);
			name = Products;
			sourceTree = "<group>";
		};
/* End PBXGroup section */

/* Begin PBXNativeTarget section */
		C4887ABA2D424E4600DD2B41 /* lec2DemoMVP */ = {
			isa = PBXNativeTarget;
			buildConfigurationList = C4887AE42D424E4800DD2B41 /* Build configuration list for PBXNativeTarget "lec2DemoMVP" */;
			buildPhases = (
				C4887AB72D424E4600DD2B41 /* Sources */,
				C4887AB82D424E4600DD2B41 /* Frameworks */,
				C4887AB92D424E4600DD2B41 /* Resources */,
			);
			buildRules = (
			);
			dependencies = (
			);
			fileSystemSynchronizedGroups = (
				C4887ABD2D424E4600DD2B41 /* lec2DemoMVP */,
			);
			name = lec2DemoMVP;
			packageProductDependencies = (
			);
			productName = lec2DemoMVP;
			productReference = C4887ABB2D424E4600DD2B41 /* lec2DemoMVP.app */;
			productType = "com.apple.product-type.application";
		};
		C4887AD02D424E4800DD2B41 /* lec2DemoMVPTests */ = {
			isa = PBXNativeTarget;
			buildConfigurationList = C4887AE92D424E4800DD2B41 /* Build configuration list for PBXNativeTarget "lec2DemoMVPTests" */;
			buildPhases = (
				C4887ACD2D424E4800DD2B41 /* Sources */,
				C4887ACE2D424E4800DD2B41 /* Frameworks */,
				C4887ACF2D424E4800DD2B41 /* Resources */,
			);
			buildRules = (
			);
			dependencies = (
				C4887AD32D424E4800DD2B41 /* PBXTargetDependency */,
			);
			fileSystemSynchronizedGroups = (
				C4887AD42D424E4800DD2B41 /* lec2DemoMVPTests */,
			);
			name = lec2DemoMVPTests;
			packageProductDependencies = (
			);
			productName = lec2DemoMVPTests;
			productReference = C4887AD12D424E4800DD2B41 /* lec2DemoMVPTests.xctest */;
			productType = "com.apple.product-type.bundle.unit-test";
		};
		C4887ADA2D424E4800DD2B41 /* lec2DemoMVPUITests */ = {
			isa = PBXNativeTarget;
			buildConfigurationList = C4887AEC2D424E4800DD2B41 /* Build configuration list for PBXNativeTarget "lec2DemoMVPUITests" */;
			buildPhases = (
				C4887AD72D424E4800DD2B41 /* Sources */,
				C4887AD82D424E4800DD2B41 /* Frameworks */,
				C4887AD92D424E4800DD2B41 /* Resources */,
			);
			buildRules = (
			);
			dependencies = (
				C4887ADD2D424E4800DD2B41 /* PBXTargetDependency */,
			);
			fileSystemSynchronizedGroups = (
				C4887ADE2D424E4800DD2B41 /* lec2DemoMVPUITests */,
			);
			name = lec2DemoMVPUITests;
			packageProductDependencies = (
			);
			productName = lec2DemoMVPUITests;
			productReference = C4887ADB2D424E4800DD2B41 /* lec2DemoMVPUITests.xctest */;
			productType = "com.apple.product-type.bundle.ui-testing";
		};
/* End PBXNativeTarget section */

/* Begin PBXProject section */
		C4887AB32D424E4600DD2B41 /* Project object */ = {
			isa = PBXProject;
			attributes = {
				BuildIndependentTargetsInParallel = 1;
				LastSwiftUpdateCheck = 1620;
				LastUpgradeCheck = 1620;
				TargetAttributes = {
					C4887ABA2D424E4600DD2B41 = {
						CreatedOnToolsVersion = 16.2;
					};
					C4887AD02D424E4800DD2B41 = {
						CreatedOnToolsVersion = 16.2;
						TestTargetID = C4887ABA2D424E4600DD2B41;
					};
					C4887ADA2D424E4800DD2B41 = {
						CreatedOnToolsVersion = 16.2;
						TestTargetID = C4887ABA2D424E4600DD2B41;
					};
				};
			};
			buildConfigurationList = C4887AB62D424E4600DD2B41 /* Build configuration list for PBXProject "lec2DemoMVP" */;
			developmentRegion = en;
			hasScannedForEncodings = 0;
			knownRegions = (
				en,
				Base,
			);
			mainGroup = C4887AB22D424E4600DD2B41;
			minimizedProjectReferenceProxies = 1;
			preferredProjectObjectVersion = 77;
			productRefGroup = C4887ABC2D424E4600DD2B41 /* Products */;
			projectDirPath = "";
			projectRoot = "";
			targets = (
				C4887ABA2D424E4600DD2B41 /* lec2DemoMVP */,
				C4887AD02D424E4800DD2B41 /* lec2DemoMVPTests */,
				C4887ADA2D424E4800DD2B41 /* lec2DemoMVPUITests */,
			);
		};
/* End PBXProject section */

/* Begin PBXResourcesBuildPhase section */
		C4887AB92D424E4600DD2B41 /* Resources */ = {
			isa = PBXResourcesBuildPhase;
			buildActionMask = 2147483647;
			files = (
			);
			runOnlyForDeploymentPostprocessing = 0;
		};
		C4887ACF2D424E4800DD2B41 /* Resources */ = {
			isa = PBXResourcesBuildPhase;
			buildActionMask = 2147483647;
			files = (
			);
			runOnlyForDeploymentPostprocessing = 0;
		};
		C4887AD92D424E4800DD2B41 /* Resources */ = {
			isa = PBXResourcesBuildPhase;
			buildActionMask = 2147483647;
			files = (
			);
			runOnlyForDeploymentPostprocessing = 0;
		};
/* End PBXResourcesBuildPhase section */

/* Begin PBXSourcesBuildPhase section */
		C4887AB72D424E4600DD2B41 /* Sources */ = {
			isa = PBXSourcesBuildPhase;
			buildActionMask = 2147483647;
			files = (
			);
			runOnlyForDeploymentPostprocessing = 0;
		};
		C4887ACD2D424E4800DD2B41 /* Sources */ = {
			isa = PBXSourcesBuildPhase;
			buildActionMask = 2147483647;
			files = (
			);
			runOnlyForDeploymentPostprocessing = 0;
		};
		C4887AD72D424E4800DD2B41 /* Sources */ = {
			isa = PBXSourcesBuildPhase;
			buildActionMask = 2147483647;
			files = (
			);
			runOnlyForDeploymentPostprocessing = 0;
		};
/* End PBXSourcesBuildPhase section */

/* Begin PBXTargetDependency section */
		C4887AD32D424E4800DD2B41 /* PBXTargetDependency */ = {
			isa = PBXTargetDependency;
			target = C4887ABA2D424E4600DD2B41 /* lec2DemoMVP */;
			targetProxy = C4887AD22D424E4800DD2B41 /* PBXContainerItemProxy */;
		};
		C4887ADD2D424E4800DD2B41 /* PBXTargetDependency */ = {
			isa = PBXTargetDependency;
			target = C4887ABA2D424E4600DD2B41 /* lec2DemoMVP */;
			targetProxy = C4887ADC2D424E4800DD2B41 /* PBXContainerItemProxy */;
		};
/* End PBXTargetDependency section */

/* Begin XCBuildConfiguration section */
		C4887AE52D424E4800DD2B41 /* Debug */ = {
			isa = XCBuildConfiguration;
			buildSettings = {
				ASSETCATALOG_COMPILER_APPICON_NAME = AppIcon;
				ASSETCATALOG_COMPILER_GLOBAL_ACCENT_COLOR_NAME = AccentColor;
				CODE_SIGN_STYLE = Automatic;
				CURRENT_PROJECT_VERSION = 1;
				GENERATE_INFOPLIST_FILE = YES;
				INFOPLIST_FILE = lec2DemoMVP/Info.plist;
				INFOPLIST_KEY_UIApplicationSupportsIndirectInputEvents = YES;
				INFOPLIST_KEY_UILaunchStoryboardName = LaunchScreen;
				INFOPLIST_KEY_UIMainStoryboardFile = Main;
				INFOPLIST_KEY_UISupportedInterfaceOrientations_iPad = "UIInterfaceOrientationPortrait UIInterfaceOrientationPortraitUpsideDown UIInterfaceOrientationLandscapeLeft UIInterfaceOrientationLandscapeRight";
				INFOPLIST_KEY_UISupportedInterfaceOrientations_iPhone = "UIInterfaceOrientationPortrait UIInterfaceOrientationLandscapeLeft UIInterfaceOrientationLandscapeRight";
				LD_RUNPATH_SEARCH_PATHS = (
					"$(inherited)",
					"@executable_path/Frameworks",
				);
				MARKETING_VERSION = 1.0;
				PRODUCT_BUNDLE_IDENTIFIER = iti.lec2DemoMVP;
				PRODUCT_NAME = "$(TARGET_NAME)";
				SWIFT_EMIT_LOC_STRINGS = YES;
				SWIFT_VERSION = 5.0;
				TARGETED_DEVICE_FAMILY = "1,2";
			};
			name = Debug;
		};
		C4887AE62D424E4800DD2B41 /* Release */ = {
			isa = XCBuildConfiguration;
			buildSettings = {
				ASSETCATALOG_COMPILER_APPICON_NAME = AppIcon;
				ASSETCATALOG_COMPILER_GLOBAL_ACCENT_COLOR_NAME = AccentColor;
				CODE_SIGN_STYLE = Automatic;
				CURRENT_PROJECT_VERSION = 1;
				GENERATE_INFOPLIST_FILE = YES;
				INFOPLIST_FILE = lec2DemoMVP/Info.plist;
				INFOPLIST_KEY_UIApplicationSupportsIndirectInputEvents = YES;
				INFOPLIST_KEY_UILaunchStoryboardName = LaunchScreen;
				INFOPLIST_KEY_UIMainStoryboardFile = Main;
				INFOPLIST_KEY_UISupportedInterfaceOrientations_iPad = "UIInterfaceOrientationPortrait UIInterfaceOrientationPortraitUpsideDown UIInterfaceOrientationLandscapeLeft UIInterfaceOrientationLandscapeRight";
				INFOPLIST_KEY_UISupportedInterfaceOrientations_iPhone = "UIInterfaceOrientationPortrait UIInterfaceOrientationLandscapeLeft UIInterfaceOrientationLandscapeRight";
				LD_RUNPATH_SEARCH_PATHS = (
					"$(inherited)",
					"@executable_path/Frameworks",
				);
				MARKETING_VERSION = 1.0;
				PRODUCT_BUNDLE_IDENTIFIER = iti.lec2DemoMVP;
				PRODUCT_NAME = "$(TARGET_NAME)";
				SWIFT_EMIT_LOC_STRINGS = YES;
				SWIFT_VERSION = 5.0;
				TARGETED_DEVICE_FAMILY = "1,2";
			};
			name = Release;
		};
		C4887AE72D424E4800DD2B41 /* Debug */ = {
			isa = XCBuildConfiguration;
			buildSettings = {
				ALWAYS_SEARCH_USER_PATHS = NO;
				ASSETCATALOG_COMPILER_GENERATE_SWIFT_ASSET_SYMBOL_EXTENSIONS = YES;
				CLANG_ANALYZER_NONNULL = YES;
				CLANG_ANALYZER_NUMBER_OBJECT_CONVERSION = YES_AGGRESSIVE;
				CLANG_CXX_LANGUAGE_STANDARD = "gnu++20";
				CLANG_ENABLE_MODULES = YES;
				CLANG_ENABLE_OBJC_ARC = YES;
				CLANG_ENABLE_OBJC_WEAK = YES;
				CLANG_WARN_BLOCK_CAPTURE_AUTORELEASING = YES;
				CLANG_WARN_BOOL_CONVERSION = YES;
				CLANG_WARN_COMMA = YES;
				CLANG_WARN_CONSTANT_CONVERSION = YES;
				CLANG_WARN_DEPRECATED_OBJC_IMPLEMENTATIONS = YES;
				CLANG_WARN_DIRECT_OBJC_ISA_USAGE = YES_ERROR;
				CLANG_WARN_DOCUMENTATION_COMMENTS = YES;
				CLANG_WARN_EMPTY_BODY = YES;
				CLANG_WARN_ENUM_CONVERSION = YES;
				CLANG_WARN_INFINITE_RECURSION = YES;
				CLANG_WARN_INT_CONVERSION = YES;
				CLANG_WARN_NON_LITERAL_NULL_CONVERSION = YES;
				CLANG_WARN_OBJC_IMPLICIT_RETAIN_SELF = YES;
				CLANG_WARN_OBJC_LITERAL_CONVERSION = YES;
				CLANG_WARN_OBJC_ROOT_CLASS = YES_ERROR;
				CLANG_WARN_QUOTED_INCLUDE_IN_FRAMEWORK_HEADER = YES;
				CLANG_WARN_RANGE_LOOP_ANALYSIS = YES;
				CLANG_WARN_STRICT_PROTOTYPES = YES;
				CLANG_WARN_SUSPICIOUS_MOVE = YES;
				CLANG_WARN_UNGUARDED_AVAILABILITY = YES_AGGRESSIVE;
				CLANG_WARN_UNREACHABLE_CODE = YES;
				CLANG_WARN__DUPLICATE_METHOD_MATCH = YES;
				COPY_PHASE_STRIP = NO;
				DEBUG_INFORMATION_FORMAT = dwarf;
				ENABLE_STRICT_OBJC_MSGSEND = YES;
				ENABLE_TESTABILITY = YES;
				ENABLE_USER_SCRIPT_SANDBOXING = YES;
				GCC_C_LANGUAGE_STANDARD = gnu17;
				GCC_DYNAMIC_NO_PIC = NO;
				GCC_NO_COMMON_BLOCKS = YES;
				GCC_OPTIMIZATION_LEVEL = 0;
				GCC_PREPROCESSOR_DEFINITIONS = (
					"DEBUG=1",
					"$(inherited)",
				);
				GCC_WARN_64_TO_32_BIT_CONVERSION = YES;
				GCC_WARN_ABOUT_RETURN_TYPE = YES_ERROR;
				GCC_WARN_UNDECLARED_SELECTOR = YES;
				GCC_WARN_UNINITIALIZED_AUTOS = YES_AGGRESSIVE;
				GCC_WARN_UNUSED_FUNCTION = YES;
				GCC_WARN_UNUSED_VARIABLE = YES;
				IPHONEOS_DEPLOYMENT_TARGET = 18.2;
				LOCALIZATION_PREFERS_STRING_CATALOGS = YES;
				MTL_ENABLE_DEBUG_INFO = INCLUDE_SOURCE;
				MTL_FAST_MATH = YES;
				ONLY_ACTIVE_ARCH = YES;
				SDKROOT = iphoneos;
				SWIFT_ACTIVE_COMPILATION_CONDITIONS = "DEBUG $(inherited)";
				SWIFT_OPTIMIZATION_LEVEL = "-Onone";
			};
			name = Debug;
		};
		C4887AE82D424E4800DD2B41 /* Release */ = {
			isa = XCBuildConfiguration;
			buildSettings = {
				ALWAYS_SEARCH_USER_PATHS = NO;
				ASSETCATALOG_COMPILER_GENERATE_SWIFT_ASSET_SYMBOL_EXTENSIONS = YES;
				CLANG_ANALYZER_NONNULL = YES;
				CLANG_ANALYZER_NUMBER_OBJECT_CONVERSION = YES_AGGRESSIVE;
				CLANG_CXX_LANGUAGE_STANDARD = "gnu++20";
				CLANG_ENABLE_MODULES = YES;
				CLANG_ENABLE_OBJC_ARC = YES;
				CLANG_ENABLE_OBJC_WEAK = YES;
				CLANG_WARN_BLOCK_CAPTURE_AUTORELEASING = YES;
				CLANG_WARN_BOOL_CONVERSION = YES;
				CLANG_WARN_COMMA = YES;
				CLANG_WARN_CONSTANT_CONVERSION = YES;
				CLANG_WARN_DEPRECATED_OBJC_IMPLEMENTATIONS = YES;
				CLANG_WARN_DIRECT_OBJC_ISA_USAGE = YES_ERROR;
				CLANG_WARN_DOCUMENTATION_COMMENTS = YES;
				CLANG_WARN_EMPTY_BODY = YES;
				CLANG_WARN_ENUM_CONVERSION = YES;
				CLANG_WARN_INFINITE_RECURSION = YES;
				CLANG_WARN_INT_CONVERSION = YES;
				CLANG_WARN_NON_LITERAL_NULL_CONVERSION = YES;
				CLANG_WARN_OBJC_IMPLICIT_RETAIN_SELF = YES;
				CLANG_WARN_OBJC_LITERAL_CONVERSION = YES;
				CLANG_WARN_OBJC_ROOT_CLASS = YES_ERROR;
				CLANG_WARN_QUOTED_INCLUDE_IN_FRAMEWORK_HEADER = YES;
				CLANG_WARN_RANGE_LOOP_ANALYSIS = YES;
				CLANG_WARN_STRICT_PROTOTYPES = YES;
				CLANG_WARN_SUSPICIOUS_MOVE = YES;
				CLANG_WARN_UNGUARDED_AVAILABILITY = YES_AGGRESSIVE;
				CLANG_WARN_UNREACHABLE_CODE = YES;
				CLANG_WARN__DUPLICATE_METHOD_MATCH = YES;
				COPY_PHASE_STRIP = NO;
				DEBUG_INFORMATION_FORMAT = "dwarf-with-dsym";
				ENABLE_NS_ASSERTIONS = NO;
				ENABLE_STRICT_OBJC_MSGSEND = YES;
				ENABLE_USER_SCRIPT_SANDBOXING = YES;
				GCC_C_LANGUAGE_STANDARD = gnu17;
				GCC_NO_COMMON_BLOCKS = YES;
				GCC_WARN_64_TO_32_BIT_CONVERSION = YES;
				GCC_WARN_ABOUT_RETURN_TYPE = YES_ERROR;
				GCC_WARN_UNDECLARED_SELECTOR = YES;
				GCC_WARN_UNINITIALIZED_AUTOS = YES_AGGRESSIVE;
				GCC_WARN_UNUSED_FUNCTION = YES;
				GCC_WARN_UNUSED_VARIABLE = YES;
				IPHONEOS_DEPLOYMENT_TARGET = 18.2;
				LOCALIZATION_PREFERS_STRING_CATALOGS = YES;
				MTL_ENABLE_DEBUG_INFO = NO;
				MTL_FAST_MATH = YES;
				SDKROOT = iphoneos;
				SWIFT_COMPILATION_MODE = wholemodule;
				VALIDATE_PRODUCT = YES;
			};
			name = Release;
		};
		C4887AEA2D424E4800DD2B41 /* Debug */ = {
			isa = XCBuildConfiguration;
			buildSettings = {
				BUNDLE_LOADER = "$(TEST_HOST)";
				CODE_SIGN_STYLE = Automatic;
				CURRENT_PROJECT_VERSION = 1;
				GENERATE_INFOPLIST_FILE = YES;
				IPHONEOS_DEPLOYMENT_TARGET = 18.2;
				MARKETING_VERSION = 1.0;
				PRODUCT_BUNDLE_IDENTIFIER = iti.lec2DemoMVPTests;
				PRODUCT_NAME = "$(TARGET_NAME)";
				SWIFT_EMIT_LOC_STRINGS = NO;
				SWIFT_VERSION = 5.0;
				TARGETED_DEVICE_FAMILY = "1,2";
				TEST_HOST = "$(BUILT_PRODUCTS_DIR)/lec2DemoMVP.app/$(BUNDLE_EXECUTABLE_FOLDER_PATH)/lec2DemoMVP";
			};
			name = Debug;
		};
		C4887AEB2D424E4800DD2B41 /* Release */ = {
			isa = XCBuildConfiguration;
			buildSettings = {
				BUNDLE_LOADER = "$(TEST_HOST)";
				CODE_SIGN_STYLE = Automatic;
				CURRENT_PROJECT_VERSION = 1;
				GENERATE_INFOPLIST_FILE = YES;
				IPHONEOS_DEPLOYMENT_TARGET = 18.2;
				MARKETING_VERSION = 1.0;
				PRODUCT_BUNDLE_IDENTIFIER = iti.lec2DemoMVPTests;
				PRODUCT_NAME = "$(TARGET_NAME)";
				SWIFT_EMIT_LOC_STRINGS = NO;
				SWIFT_VERSION = 5.0;
				TARGETED_DEVICE_FAMILY = "1,2";
				TEST_HOST = "$(BUILT_PRODUCTS_DIR)/lec2DemoMVP.app/$(BUNDLE_EXECUTABLE_FOLDER_PATH)/lec2DemoMVP";
			};
			name = Release;
		};
		C4887AED2D424E4800DD2B41 /* Debug */ = {
			isa = XCBuildConfiguration;
			buildSettings = {
				CODE_SIGN_STYLE = Automatic;
				CURRENT_PROJECT_VERSION = 1;
				GENERATE_INFOPLIST_FILE = YES;
				MARKETING_VERSION = 1.0;
				PRODUCT_BUNDLE_IDENTIFIER = iti.lec2DemoMVPUITests;
				PRODUCT_NAME = "$(TARGET_NAME)";
				SWIFT_EMIT_LOC_STRINGS = NO;
				SWIFT_VERSION = 5.0;
				TARGETED_DEVICE_FAMILY = "1,2";
				TEST_TARGET_NAME = lec2DemoMVP;
			};
			name = Debug;
		};
		C4887AEE2D424E4800DD2B41 /* Release */ = {
			isa = XCBuildConfiguration;
			buildSettings = {
				CODE_SIGN_STYLE = Automatic;
				CURRENT_PROJECT_VERSION = 1;
				GENERATE_INFOPLIST_FILE = YES;
				MARKETING_VERSION = 1.0;
				PRODUCT_BUNDLE_IDENTIFIER = iti.lec2DemoMVPUITests;
				PRODUCT_NAME = "$(TARGET_NAME)";
				SWIFT_EMIT_LOC_STRINGS = NO;
				SWIFT_VERSION = 5.0;
				TARGETED_DEVICE_FAMILY = "1,2";
				TEST_TARGET_NAME = lec2DemoMVP;
			};
			name = Release;
		};
/* End XCBuildConfiguration section */

/* Begin XCConfigurationList section */
		C4887AB62D424E4600DD2B41 /* Build configuration list for PBXProject "lec2DemoMVP" */ = {
			isa = XCConfigurationList;
			buildConfigurations = (
				C4887AE72D424E4800DD2B41 /* Debug */,
				C4887AE82D424E4800DD2B41 /* Release */,
			);
			defaultConfigurationIsVisible = 0;
			defaultConfigurationName = Release;
		};
		C4887AE42D424E4800DD2B41 /* Build configuration list for PBXNativeTarget "lec2DemoMVP" */ = {
			isa = XCConfigurationList;
			buildConfigurations = (
				C4887AE52D424E4800DD2B41 /* Debug */,
				C4887AE62D424E4800DD2B41 /* Release */,
			);
			defaultConfigurationIsVisible = 0;
			defaultConfigurationName = Release;
		};
		C4887AE92D424E4800DD2B41 /* Build configuration list for PBXNativeTarget "lec2DemoMVPTests" */ = {
			isa = XCConfigurationList;
			buildConfigurations = (
				C4887AEA2D424E4800DD2B41 /* Debug */,
				C4887AEB2D424E4800DD2B41 /* Release */,
			);
			defaultConfigurationIsVisible = 0;
			defaultConfigurationName = Release;
		};
		C4887AEC2D424E4800DD2B41 /* Build configuration list for PBXNativeTarget "lec2DemoMVPUITests" */ = {
			isa = XCConfigurationList;
			buildConfigurations = (
				C4887AED2D424E4800DD2B41 /* Debug */,
				C4887AEE2D424E4800DD2B41 /* Release */,
			);
			defaultConfigurationIsVisible = 0;
			defaultConfigurationName = Release;
		};
/* End XCConfigurationList section */
	};
	rootObject = C4887AB32D424E4600DD2B41 /* Project object */;
}
