// !$*UTF8*$!
{
	archiveVersion = 1;
	classes = {
	};
	objectVersion = 77;
	objects = {

/* Begin PBXContainerItemProxy section */
		C4775AD92D3E66BE009AE811 /* PBXContainerItemProxy */ = {
			isa = PBXContainerItemProxy;
			containerPortal = C4775ABA2D3E66BD009AE811 /* Project object */;
			proxyType = 1;
			remoteGlobalIDString = C4775AC12D3E66BD009AE811;
			remoteInfo = task1;
		};
		C4775AE32D3E66BE009AE811 /* PBXContainerItemProxy */ = {
			isa = PBXContainerItemProxy;
			containerPortal = C4775ABA2D3E66BD009AE811 /* Project object */;
			proxyType = 1;
			remoteGlobalIDString = C4775AC12D3E66BD009AE811;
			remoteInfo = task1;
		};
/* End PBXContainerItemProxy section */

/* Begin PBXFileReference section */
		C4775AC22D3E66BD009AE811 /* task1.app */ = {isa = PBXFileReference; explicitFileType = wrapper.application; includeInIndex = 0; path = task1.app; sourceTree = BUILT_PRODUCTS_DIR; };
		C4775AD82D3E66BE009AE811 /* task1Tests.xctest */ = {isa = PBXFileReference; explicitFileType = wrapper.cfbundle; includeInIndex = 0; path = task1Tests.xctest; sourceTree = BUILT_PRODUCTS_DIR; };
		C4775AE22D3E66BE009AE811 /* task1UITests.xctest */ = {isa = PBXFileReference; explicitFileType = wrapper.cfbundle; includeInIndex = 0; path = task1UITests.xctest; sourceTree = BUILT_PRODUCTS_DIR; };
/* End PBXFileReference section */

/* Begin PBXFileSystemSynchronizedBuildFileExceptionSet section */
		C4775AEA2D3E66BE009AE811 /* Exceptions for "task1" folder in "task1" target */ = {
			isa = PBXFileSystemSynchronizedBuildFileExceptionSet;
			membershipExceptions = (
				Info.plist,
			);
			target = C4775AC12D3E66BD009AE811 /* task1 */;
		};
/* End PBXFileSystemSynchronizedBuildFileExceptionSet section */

/* Begin PBXFileSystemSynchronizedRootGroup section */
		C4775AC42D3E66BD009AE811 /* task1 */ = {
			isa = PBXFileSystemSynchronizedRootGroup;
			exceptions = (
				C4775AEA2D3E66BE009AE811 /* Exceptions for "task1" folder in "task1" target */,
			);
			path = task1;
			sourceTree = "<group>";
		};
		C4775ADB2D3E66BE009AE811 /* task1Tests */ = {
			isa = PBXFileSystemSynchronizedRootGroup;
			path = task1Tests;
			sourceTree = "<group>";
		};
		C4775AE52D3E66BE009AE811 /* task1UITests */ = {
			isa = PBXFileSystemSynchronizedRootGroup;
			path = task1UITests;
			sourceTree = "<group>";
		};
/* End PBXFileSystemSynchronizedRootGroup section */

/* Begin PBXFrameworksBuildPhase section */
		C4775ABF2D3E66BD009AE811 /* Frameworks */ = {
			isa = PBXFrameworksBuildPhase;
			buildActionMask = 2147483647;
			files = (
			);
			runOnlyForDeploymentPostprocessing = 0;
		};
		C4775AD52D3E66BE009AE811 /* Frameworks */ = {
			isa = PBXFrameworksBuildPhase;
			buildActionMask = 2147483647;
			files = (
			);
			runOnlyForDeploymentPostprocessing = 0;
		};
		C4775ADF2D3E66BE009AE811 /* Frameworks */ = {
			isa = PBXFrameworksBuildPhase;
			buildActionMask = 2147483647;
			files = (
			);
			runOnlyForDeploymentPostprocessing = 0;
		};
/* End PBXFrameworksBuildPhase section */

/* Begin PBXGroup section */
		C4775AB92D3E66BD009AE811 = {
			isa = PBXGroup;
			children = (
				C4775AC42D3E66BD009AE811 /* task1 */,
				C4775ADB2D3E66BE009AE811 /* task1Tests */,
				C4775AE52D3E66BE009AE811 /* task1UITests */,
				C4775AC32D3E66BD009AE811 /* Products */,
			);
			sourceTree = "<group>";
		};
		C4775AC32D3E66BD009AE811 /* Products */ = {
			isa = PBXGroup;
			children = (
				C4775AC22D3E66BD009AE811 /* task1.app */,
				C4775AD82D3E66BE009AE811 /* task1Tests.xctest */,
				C4775AE22D3E66BE009AE811 /* task1UITests.xctest */,
			);
			name = Products;
			sourceTree = "<group>";
		};
/* End PBXGroup section */

/* Begin PBXNativeTarget section */
		C4775AC12D3E66BD009AE811 /* task1 */ = {
			isa = PBXNativeTarget;
			buildConfigurationList = C4775AEB2D3E66BE009AE811 /* Build configuration list for PBXNativeTarget "task1" */;
			buildPhases = (
				C4775ABE2D3E66BD009AE811 /* Sources */,
				C4775ABF2D3E66BD009AE811 /* Frameworks */,
				C4775AC02D3E66BD009AE811 /* Resources */,
			);
			buildRules = (
			);
			dependencies = (
			);
			fileSystemSynchronizedGroups = (
				C4775AC42D3E66BD009AE811 /* task1 */,
			);
			name = task1;
			packageProductDependencies = (
			);
			productName = task1;
			productReference = C4775AC22D3E66BD009AE811 /* task1.app */;
			productType = "com.apple.product-type.application";
		};
		C4775AD72D3E66BE009AE811 /* task1Tests */ = {
			isa = PBXNativeTarget;
			buildConfigurationList = C4775AF02D3E66BE009AE811 /* Build configuration list for PBXNativeTarget "task1Tests" */;
			buildPhases = (
				C4775AD42D3E66BE009AE811 /* Sources */,
				C4775AD52D3E66BE009AE811 /* Frameworks */,
				C4775AD62D3E66BE009AE811 /* Resources */,
			);
			buildRules = (
			);
			dependencies = (
				C4775ADA2D3E66BE009AE811 /* PBXTargetDependency */,
			);
			fileSystemSynchronizedGroups = (
				C4775ADB2D3E66BE009AE811 /* task1Tests */,
			);
			name = task1Tests;
			packageProductDependencies = (
			);
			productName = task1Tests;
			productReference = C4775AD82D3E66BE009AE811 /* task1Tests.xctest */;
			productType = "com.apple.product-type.bundle.unit-test";
		};
		C4775AE12D3E66BE009AE811 /* task1UITests */ = {
			isa = PBXNativeTarget;
			buildConfigurationList = C4775AF32D3E66BE009AE811 /* Build configuration list for PBXNativeTarget "task1UITests" */;
			buildPhases = (
				C4775ADE2D3E66BE009AE811 /* Sources */,
				C4775ADF2D3E66BE009AE811 /* Frameworks */,
				C4775AE02D3E66BE009AE811 /* Resources */,
			);
			buildRules = (
			);
			dependencies = (
				C4775AE42D3E66BE009AE811 /* PBXTargetDependency */,
			);
			fileSystemSynchronizedGroups = (
				C4775AE52D3E66BE009AE811 /* task1UITests */,
			);
			name = task1UITests;
			packageProductDependencies = (
			);
			productName = task1UITests;
			productReference = C4775AE22D3E66BE009AE811 /* task1UITests.xctest */;
			productType = "com.apple.product-type.bundle.ui-testing";
		};
/* End PBXNativeTarget section */

/* Begin PBXProject section */
		C4775ABA2D3E66BD009AE811 /* Project object */ = {
			isa = PBXProject;
			attributes = {
				BuildIndependentTargetsInParallel = 1;
				LastSwiftUpdateCheck = 1620;
				LastUpgradeCheck = 1620;
				TargetAttributes = {
					C4775AC12D3E66BD009AE811 = {
						CreatedOnToolsVersion = 16.2;
					};
					C4775AD72D3E66BE009AE811 = {
						CreatedOnToolsVersion = 16.2;
						TestTargetID = C4775AC12D3E66BD009AE811;
					};
					C4775AE12D3E66BE009AE811 = {
						CreatedOnToolsVersion = 16.2;
						TestTargetID = C4775AC12D3E66BD009AE811;
					};
				};
			};
			buildConfigurationList = C4775ABD2D3E66BD009AE811 /* Build configuration list for PBXProject "task1" */;
			developmentRegion = en;
			hasScannedForEncodings = 0;
			knownRegions = (
				en,
				Base,
				ar,
			);
			mainGroup = C4775AB92D3E66BD009AE811;
			minimizedProjectReferenceProxies = 1;
			preferredProjectObjectVersion = 77;
			productRefGroup = C4775AC32D3E66BD009AE811 /* Products */;
			projectDirPath = "";
			projectRoot = "";
			targets = (
				C4775AC12D3E66BD009AE811 /* task1 */,
				C4775AD72D3E66BE009AE811 /* task1Tests */,
				C4775AE12D3E66BE009AE811 /* task1UITests */,
			);
		};
/* End PBXProject section */

/* Begin PBXResourcesBuildPhase section */
		C4775AC02D3E66BD009AE811 /* Resources */ = {
			isa = PBXResourcesBuildPhase;
			buildActionMask = 2147483647;
			files = (
			);
			runOnlyForDeploymentPostprocessing = 0;
		};
		C4775AD62D3E66BE009AE811 /* Resources */ = {
			isa = PBXResourcesBuildPhase;
			buildActionMask = 2147483647;
			files = (
			);
			runOnlyForDeploymentPostprocessing = 0;
		};
		C4775AE02D3E66BE009AE811 /* Resources */ = {
			isa = PBXResourcesBuildPhase;
			buildActionMask = 2147483647;
			files = (
			);
			runOnlyForDeploymentPostprocessing = 0;
		};
/* End PBXResourcesBuildPhase section */

/* Begin PBXSourcesBuildPhase section */
		C4775ABE2D3E66BD009AE811 /* Sources */ = {
			isa = PBXSourcesBuildPhase;
			buildActionMask = 2147483647;
			files = (
			);
			runOnlyForDeploymentPostprocessing = 0;
		};
		C4775AD42D3E66BE009AE811 /* Sources */ = {
			isa = PBXSourcesBuildPhase;
			buildActionMask = 2147483647;
			files = (
			);
			runOnlyForDeploymentPostprocessing = 0;
		};
		C4775ADE2D3E66BE009AE811 /* Sources */ = {
			isa = PBXSourcesBuildPhase;
			buildActionMask = 2147483647;
			files = (
			);
			runOnlyForDeploymentPostprocessing = 0;
		};
/* End PBXSourcesBuildPhase section */

/* Begin PBXTargetDependency section */
		C4775ADA2D3E66BE009AE811 /* PBXTargetDependency */ = {
			isa = PBXTargetDependency;
			target = C4775AC12D3E66BD009AE811 /* task1 */;
			targetProxy = C4775AD92D3E66BE009AE811 /* PBXContainerItemProxy */;
		};
		C4775AE42D3E66BE009AE811 /* PBXTargetDependency */ = {
			isa = PBXTargetDependency;
			target = C4775AC12D3E66BD009AE811 /* task1 */;
			targetProxy = C4775AE32D3E66BE009AE811 /* PBXContainerItemProxy */;
		};
/* End PBXTargetDependency section */

/* Begin XCBuildConfiguration section */
		C4775AEC2D3E66BE009AE811 /* Debug */ = {
			isa = XCBuildConfiguration;
			buildSettings = {
				ASSETCATALOG_COMPILER_APPICON_NAME = AppIcon;
				ASSETCATALOG_COMPILER_GLOBAL_ACCENT_COLOR_NAME = AccentColor;
				CODE_SIGN_STYLE = Automatic;
				CURRENT_PROJECT_VERSION = 1;
				GENERATE_INFOPLIST_FILE = YES;
				INFOPLIST_FILE = task1/Info.plist;
				INFOPLIST_KEY_UIApplicationSupportsIndirectInputEvents = YES;
				INFOPLIST_KEY_UILaunchStoryboardName = LaunchScreen;
				INFOPLIST_KEY_UIMainStoryboardFile = Main;
				INFOPLIST_KEY_UISupportedInterfaceOrientations_iPad = "UIInterfaceOrientationPortrait UIInterfaceOrientationPortraitUpsideDown UIInterfaceOrientationLandscapeLeft UIInterfaceOrientationLandscapeRight";
				INFOPLIST_KEY_UISupportedInterfaceOrientations_iPhone = "UIInterfaceOrientationPortrait UIInterfaceOrientationLandscapeLeft UIInterfaceOrientationLandscapeRight";
				LD_RUNPATH_SEARCH_PATHS = (
					"$(inherited)",
					"@executable_path/Frameworks",
				);
				MARKETING_VERSION = 1.0;
				PRODUCT_BUNDLE_IDENTIFIER = iti.task1;
				PRODUCT_NAME = "$(TARGET_NAME)";
				SWIFT_EMIT_LOC_STRINGS = YES;
				SWIFT_VERSION = 5.0;
				TARGETED_DEVICE_FAMILY = "1,2";
			};
			name = Debug;
		};
		C4775AED2D3E66BE009AE811 /* Release */ = {
			isa = XCBuildConfiguration;
			buildSettings = {
				ASSETCATALOG_COMPILER_APPICON_NAME = AppIcon;
				ASSETCATALOG_COMPILER_GLOBAL_ACCENT_COLOR_NAME = AccentColor;
				CODE_SIGN_STYLE = Automatic;
				CURRENT_PROJECT_VERSION = 1;
				GENERATE_INFOPLIST_FILE = YES;
				INFOPLIST_FILE = task1/Info.plist;
				INFOPLIST_KEY_UIApplicationSupportsIndirectInputEvents = YES;
				INFOPLIST_KEY_UILaunchStoryboardName = LaunchScreen;
				INFOPLIST_KEY_UIMainStoryboardFile = Main;
				INFOPLIST_KEY_UISupportedInterfaceOrientations_iPad = "UIInterfaceOrientationPortrait UIInterfaceOrientationPortraitUpsideDown UIInterfaceOrientationLandscapeLeft UIInterfaceOrientationLandscapeRight";
				INFOPLIST_KEY_UISupportedInterfaceOrientations_iPhone = "UIInterfaceOrientationPortrait UIInterfaceOrientationLandscapeLeft UIInterfaceOrientationLandscapeRight";
				LD_RUNPATH_SEARCH_PATHS = (
					"$(inherited)",
					"@executable_path/Frameworks",
				);
				MARKETING_VERSION = 1.0;
				PRODUCT_BUNDLE_IDENTIFIER = iti.task1;
				PRODUCT_NAME = "$(TARGET_NAME)";
				SWIFT_EMIT_LOC_STRINGS = YES;
				SWIFT_VERSION = 5.0;
				TARGETED_DEVICE_FAMILY = "1,2";
			};
			name = Release;
		};
		C4775AEE2D3E66BE009AE811 /* Debug */ = {
			isa = XCBuildConfiguration;
			buildSettings = {
				ALWAYS_SEARCH_USER_PATHS = NO;
				ASSETCATALOG_COMPILER_GENERATE_SWIFT_ASSET_SYMBOL_EXTENSIONS = YES;
				CLANG_ANALYZER_LOCALIZABILITY_NONLOCALIZED = YES;
				CLANG_ANALYZER_NONNULL = YES;
				CLANG_ANALYZER_NUMBER_OBJECT_CONVERSION = YES_AGGRESSIVE;
				CLANG_CXX_LANGUAGE_STANDARD = "gnu++20";
				CLANG_ENABLE_MODULES = YES;
				CLANG_ENABLE_OBJC_ARC = YES;
				CLANG_ENABLE_OBJC_WEAK = YES;
				CLANG_WARN_BLOCK_CAPTURE_AUTORELEASING = YES;
				CLANG_WARN_BOOL_CONVERSION = YES;
				CLANG_WARN_COMMA = YES;
				CLANG_WARN_CONSTANT_CONVERSION = YES;
				CLANG_WARN_DEPRECATED_OBJC_IMPLEMENTATIONS = YES;
				CLANG_WARN_DIRECT_OBJC_ISA_USAGE = YES_ERROR;
				CLANG_WARN_DOCUMENTATION_COMMENTS = YES;
				CLANG_WARN_EMPTY_BODY = YES;
				CLANG_WARN_ENUM_CONVERSION = YES;
				CLANG_WARN_INFINITE_RECURSION = YES;
				CLANG_WARN_INT_CONVERSION = YES;
				CLANG_WARN_NON_LITERAL_NULL_CONVERSION = YES;
				CLANG_WARN_OBJC_IMPLICIT_RETAIN_SELF = YES;
				CLANG_WARN_OBJC_LITERAL_CONVERSION = YES;
				CLANG_WARN_OBJC_ROOT_CLASS = YES_ERROR;
				CLANG_WARN_QUOTED_INCLUDE_IN_FRAMEWORK_HEADER = YES;
				CLANG_WARN_RANGE_LOOP_ANALYSIS = YES;
				CLANG_WARN_STRICT_PROTOTYPES = YES;
				CLANG_WARN_SUSPICIOUS_MOVE = YES;
				CLANG_WARN_UNGUARDED_AVAILABILITY = YES_AGGRESSIVE;
				CLANG_WARN_UNREACHABLE_CODE = YES;
				CLANG_WARN__DUPLICATE_METHOD_MATCH = YES;
				COPY_PHASE_STRIP = NO;
				DEBUG_INFORMATION_FORMAT = dwarf;
				ENABLE_STRICT_OBJC_MSGSEND = YES;
				ENABLE_TESTABILITY = YES;
				ENABLE_USER_SCRIPT_SANDBOXING = YES;
				GCC_C_LANGUAGE_STANDARD = gnu17;
				GCC_DYNAMIC_NO_PIC = NO;
				GCC_NO_COMMON_BLOCKS = YES;
				GCC_OPTIMIZATION_LEVEL = 0;
				GCC_PREPROCESSOR_DEFINITIONS = (
					"DEBUG=1",
					"$(inherited)",
				);
				GCC_WARN_64_TO_32_BIT_CONVERSION = YES;
				GCC_WARN_ABOUT_RETURN_TYPE = YES_ERROR;
				GCC_WARN_UNDECLARED_SELECTOR = YES;
				GCC_WARN_UNINITIALIZED_AUTOS = YES_AGGRESSIVE;
				GCC_WARN_UNUSED_FUNCTION = YES;
				GCC_WARN_UNUSED_VARIABLE = YES;
				IPHONEOS_DEPLOYMENT_TARGET = 18.2;
				LOCALIZATION_PREFERS_STRING_CATALOGS = YES;
				MTL_ENABLE_DEBUG_INFO = INCLUDE_SOURCE;
				MTL_FAST_MATH = YES;
				ONLY_ACTIVE_ARCH = YES;
				SDKROOT = iphoneos;
				SWIFT_ACTIVE_COMPILATION_CONDITIONS = "DEBUG $(inherited)";
				SWIFT_OPTIMIZATION_LEVEL = "-Onone";
			};
			name = Debug;
		};
		C4775AEF2D3E66BE009AE811 /* Release */ = {
			isa = XCBuildConfiguration;
			buildSettings = {
				ALWAYS_SEARCH_USER_PATHS = NO;
				ASSETCATALOG_COMPILER_GENERATE_SWIFT_ASSET_SYMBOL_EXTENSIONS = YES;
				CLANG_ANALYZER_LOCALIZABILITY_NONLOCALIZED = YES;
				CLANG_ANALYZER_NONNULL = YES;
				CLANG_ANALYZER_NUMBER_OBJECT_CONVERSION = YES_AGGRESSIVE;
				CLANG_CXX_LANGUAGE_STANDARD = "gnu++20";
				CLANG_ENABLE_MODULES = YES;
				CLANG_ENABLE_OBJC_ARC = YES;
				CLANG_ENABLE_OBJC_WEAK = YES;
				CLANG_WARN_BLOCK_CAPTURE_AUTORELEASING = YES;
				CLANG_WARN_BOOL_CONVERSION = YES;
				CLANG_WARN_COMMA = YES;
				CLANG_WARN_CONSTANT_CONVERSION = YES;
				CLANG_WARN_DEPRECATED_OBJC_IMPLEMENTATIONS = YES;
				CLANG_WARN_DIRECT_OBJC_ISA_USAGE = YES_ERROR;
				CLANG_WARN_DOCUMENTATION_COMMENTS = YES;
				CLANG_WARN_EMPTY_BODY = YES;
				CLANG_WARN_ENUM_CONVERSION = YES;
				CLANG_WARN_INFINITE_RECURSION = YES;
				CLANG_WARN_INT_CONVERSION = YES;
				CLANG_WARN_NON_LITERAL_NULL_CONVERSION = YES;
				CLANG_WARN_OBJC_IMPLICIT_RETAIN_SELF = YES;
				CLANG_WARN_OBJC_LITERAL_CONVERSION = YES;
				CLANG_WARN_OBJC_ROOT_CLASS = YES_ERROR;
				CLANG_WARN_QUOTED_INCLUDE_IN_FRAMEWORK_HEADER = YES;
				CLANG_WARN_RANGE_LOOP_ANALYSIS = YES;
				CLANG_WARN_STRICT_PROTOTYPES = YES;
				CLANG_WARN_SUSPICIOUS_MOVE = YES;
				CLANG_WARN_UNGUARDED_AVAILABILITY = YES_AGGRESSIVE;
				CLANG_WARN_UNREACHABLE_CODE = YES;
				CLANG_WARN__DUPLICATE_METHOD_MATCH = YES;
				COPY_PHASE_STRIP = NO;
				DEBUG_INFORMATION_FORMAT = "dwarf-with-dsym";
				ENABLE_NS_ASSERTIONS = NO;
				ENABLE_STRICT_OBJC_MSGSEND = YES;
				ENABLE_USER_SCRIPT_SANDBOXING = YES;
				GCC_C_LANGUAGE_STANDARD = gnu17;
				GCC_NO_COMMON_BLOCKS = YES;
				GCC_WARN_64_TO_32_BIT_CONVERSION = YES;
				GCC_WARN_ABOUT_RETURN_TYPE = YES_ERROR;
				GCC_WARN_UNDECLARED_SELECTOR = YES;
				GCC_WARN_UNINITIALIZED_AUTOS = YES_AGGRESSIVE;
				GCC_WARN_UNUSED_FUNCTION = YES;
				GCC_WARN_UNUSED_VARIABLE = YES;
				IPHONEOS_DEPLOYMENT_TARGET = 18.2;
				LOCALIZATION_PREFERS_STRING_CATALOGS = YES;
				MTL_ENABLE_DEBUG_INFO = NO;
				MTL_FAST_MATH = YES;
				SDKROOT = iphoneos;
				SWIFT_COMPILATION_MODE = wholemodule;
				VALIDATE_PRODUCT = YES;
			};
			name = Release;
		};
		C4775AF12D3E66BE009AE811 /* Debug */ = {
			isa = XCBuildConfiguration;
			buildSettings = {
				BUNDLE_LOADER = "$(TEST_HOST)";
				CODE_SIGN_STYLE = Automatic;
				CURRENT_PROJECT_VERSION = 1;
				GENERATE_INFOPLIST_FILE = YES;
				IPHONEOS_DEPLOYMENT_TARGET = 18.2;
				MARKETING_VERSION = 1.0;
				PRODUCT_BUNDLE_IDENTIFIER = iti.task1Tests;
				PRODUCT_NAME = "$(TARGET_NAME)";
				SWIFT_EMIT_LOC_STRINGS = NO;
				SWIFT_VERSION = 5.0;
				TARGETED_DEVICE_FAMILY = "1,2";
				TEST_HOST = "$(BUILT_PRODUCTS_DIR)/task1.app/$(BUNDLE_EXECUTABLE_FOLDER_PATH)/task1";
			};
			name = Debug;
		};
		C4775AF22D3E66BE009AE811 /* Release */ = {
			isa = XCBuildConfiguration;
			buildSettings = {
				BUNDLE_LOADER = "$(TEST_HOST)";
				CODE_SIGN_STYLE = Automatic;
				CURRENT_PROJECT_VERSION = 1;
				GENERATE_INFOPLIST_FILE = YES;
				IPHONEOS_DEPLOYMENT_TARGET = 18.2;
				MARKETING_VERSION = 1.0;
				PRODUCT_BUNDLE_IDENTIFIER = iti.task1Tests;
				PRODUCT_NAME = "$(TARGET_NAME)";
				SWIFT_EMIT_LOC_STRINGS = NO;
				SWIFT_VERSION = 5.0;
				TARGETED_DEVICE_FAMILY = "1,2";
				TEST_HOST = "$(BUILT_PRODUCTS_DIR)/task1.app/$(BUNDLE_EXECUTABLE_FOLDER_PATH)/task1";
			};
			name = Release;
		};
		C4775AF42D3E66BE009AE811 /* Debug */ = {
			isa = XCBuildConfiguration;
			buildSettings = {
				CODE_SIGN_STYLE = Automatic;
				CURRENT_PROJECT_VERSION = 1;
				GENERATE_INFOPLIST_FILE = YES;
				MARKETING_VERSION = 1.0;
				PRODUCT_BUNDLE_IDENTIFIER = iti.task1UITests;
				PRODUCT_NAME = "$(TARGET_NAME)";
				SWIFT_EMIT_LOC_STRINGS = NO;
				SWIFT_VERSION = 5.0;
				TARGETED_DEVICE_FAMILY = "1,2";
				TEST_TARGET_NAME = task1;
			};
			name = Debug;
		};
		C4775AF52D3E66BE009AE811 /* Release */ = {
			isa = XCBuildConfiguration;
			buildSettings = {
				CODE_SIGN_STYLE = Automatic;
				CURRENT_PROJECT_VERSION = 1;
				GENERATE_INFOPLIST_FILE = YES;
				MARKETING_VERSION = 1.0;
				PRODUCT_BUNDLE_IDENTIFIER = iti.task1UITests;
				PRODUCT_NAME = "$(TARGET_NAME)";
				SWIFT_EMIT_LOC_STRINGS = NO;
				SWIFT_VERSION = 5.0;
				TARGETED_DEVICE_FAMILY = "1,2";
				TEST_TARGET_NAME = task1;
			};
			name = Release;
		};
/* End XCBuildConfiguration section */

/* Begin XCConfigurationList section */
		C4775ABD2D3E66BD009AE811 /* Build configuration list for PBXProject "task1" */ = {
			isa = XCConfigurationList;
			buildConfigurations = (
				C4775AEE2D3E66BE009AE811 /* Debug */,
				C4775AEF2D3E66BE009AE811 /* Release */,
			);
			defaultConfigurationIsVisible = 0;
			defaultConfigurationName = Release;
		};
		C4775AEB2D3E66BE009AE811 /* Build configuration list for PBXNativeTarget "task1" */ = {
			isa = XCConfigurationList;
			buildConfigurations = (
				C4775AEC2D3E66BE009AE811 /* Debug */,
				C4775AED2D3E66BE009AE811 /* Release */,
			);
			defaultConfigurationIsVisible = 0;
			defaultConfigurationName = Release;
		};
		C4775AF02D3E66BE009AE811 /* Build configuration list for PBXNativeTarget "task1Tests" */ = {
			isa = XCConfigurationList;
			buildConfigurations = (
				C4775AF12D3E66BE009AE811 /* Debug */,
				C4775AF22D3E66BE009AE811 /* Release */,
			);
			defaultConfigurationIsVisible = 0;
			defaultConfigurationName = Release;
		};
		C4775AF32D3E66BE009AE811 /* Build configuration list for PBXNativeTarget "task1UITests" */ = {
			isa = XCConfigurationList;
			buildConfigurations = (
				C4775AF42D3E66BE009AE811 /* Debug */,
				C4775AF52D3E66BE009AE811 /* Release */,
			);
			defaultConfigurationIsVisible = 0;
			defaultConfigurationName = Release;
		};
/* End XCConfigurationList section */
	};
	rootObject = C4775ABA2D3E66BD009AE811 /* Project object */;
}
