// !$*UTF8*$!
{
	archiveVersion = 1;
	classes = {
	};
	objectVersion = 77;
	objects = {

/* Begin PBXBuildFile section */
		2C8E4B9C7211AF9AB23D62D3 /* Pods_task1Movie1_task1Movie1UITests.framework in Frameworks */ = {isa = PBXBuildFile; fileRef = FDD7ADF3042CC440BAFEB47D /* Pods_task1Movie1_task1Movie1UITests.framework */; };
		43367DC7E57F44CAA28CAAA0 /* Pods_task1Movie1.framework in Frameworks */ = {isa = PBXBuildFile; fileRef = 143CAC69F91E26939259C51A /* Pods_task1Movie1.framework */; };
		F5F2965FB66247C2D5E3EBF1 /* Pods_task1Movie1Tests.framework in Frameworks */ = {isa = PBXBuildFile; fileRef = 0110932642FCD0EE6B3DEC45 /* Pods_task1Movie1Tests.framework */; };
/* End PBXBuildFile section */

/* Begin PBXContainerItemProxy section */
		C448B3902D39141D00FDA8DE /* PBXContainerItemProxy */ = {
			isa = PBXContainerItemProxy;
			containerPortal = C448B36E2D39141B00FDA8DE /* Project object */;
			proxyType = 1;
			remoteGlobalIDString = C448B3752D39141B00FDA8DE;
			remoteInfo = task1Movie1;
		};
		C448B39A2D39141D00FDA8DE /* PBXContainerItemProxy */ = {
			isa = PBXContainerItemProxy;
			containerPortal = C448B36E2D39141B00FDA8DE /* Project object */;
			proxyType = 1;
			remoteGlobalIDString = C448B3752D39141B00FDA8DE;
			remoteInfo = task1Movie1;
		};
/* End PBXContainerItemProxy section */

/* Begin PBXFileReference section */
		0110932642FCD0EE6B3DEC45 /* Pods_task1Movie1Tests.framework */ = {isa = PBXFileReference; explicitFileType = wrapper.framework; includeInIndex = 0; path = Pods_task1Movie1Tests.framework; sourceTree = BUILT_PRODUCTS_DIR; };
		143CAC69F91E26939259C51A /* Pods_task1Movie1.framework */ = {isa = PBXFileReference; explicitFileType = wrapper.framework; includeInIndex = 0; path = Pods_task1Movie1.framework; sourceTree = BUILT_PRODUCTS_DIR; };
		66916CEC8CE7F99DA2874F20 /* Pods-task1Movie1.release.xcconfig */ = {isa = PBXFileReference; includeInIndex = 1; lastKnownFileType = text.xcconfig; name = "Pods-task1Movie1.release.xcconfig"; path = "Target Support Files/Pods-task1Movie1/Pods-task1Movie1.release.xcconfig"; sourceTree = "<group>"; };
		C448B3762D39141B00FDA8DE /* task1Movie1.app */ = {isa = PBXFileReference; explicitFileType = wrapper.application; includeInIndex = 0; path = task1Movie1.app; sourceTree = BUILT_PRODUCTS_DIR; };
		C448B38F2D39141D00FDA8DE /* task1Movie1Tests.xctest */ = {isa = PBXFileReference; explicitFileType = wrapper.cfbundle; includeInIndex = 0; path = task1Movie1Tests.xctest; sourceTree = BUILT_PRODUCTS_DIR; };
		C448B3992D39141D00FDA8DE /* task1Movie1UITests.xctest */ = {isa = PBXFileReference; explicitFileType = wrapper.cfbundle; includeInIndex = 0; path = task1Movie1UITests.xctest; sourceTree = BUILT_PRODUCTS_DIR; };
		EE83C0BAA8F1544C291C10C4 /* Pods-task1Movie1.debug.xcconfig */ = {isa = PBXFileReference; includeInIndex = 1; lastKnownFileType = text.xcconfig; name = "Pods-task1Movie1.debug.xcconfig"; path = "Target Support Files/Pods-task1Movie1/Pods-task1Movie1.debug.xcconfig"; sourceTree = "<group>"; };
		FDD7ADF3042CC440BAFEB47D /* Pods_task1Movie1_task1Movie1UITests.framework */ = {isa = PBXFileReference; explicitFileType = wrapper.framework; includeInIndex = 0; path = Pods_task1Movie1_task1Movie1UITests.framework; sourceTree = BUILT_PRODUCTS_DIR; };
/* End PBXFileReference section */

/* Begin PBXFileSystemSynchronizedBuildFileExceptionSet section */
		C448B3A12D39141D00FDA8DE /* Exceptions for "task1Movie1" folder in "task1Movie1" target */ = {
			isa = PBXFileSystemSynchronizedBuildFileExceptionSet;
			membershipExceptions = (
				Info.plist,
			);
			target = C448B3752D39141B00FDA8DE /* task1Movie1 */;
		};
/* End PBXFileSystemSynchronizedBuildFileExceptionSet section */

/* Begin PBXFileSystemSynchronizedRootGroup section */
		C448B3782D39141B00FDA8DE /* task1Movie1 */ = {
			isa = PBXFileSystemSynchronizedRootGroup;
			exceptions = (
				C448B3A12D39141D00FDA8DE /* Exceptions for "task1Movie1" folder in "task1Movie1" target */,
			);
			path = task1Movie1;
			sourceTree = "<group>";
		};
/* End PBXFileSystemSynchronizedRootGroup section */

/* Begin PBXFrameworksBuildPhase section */
		C448B3732D39141B00FDA8DE /* Frameworks */ = {
			isa = PBXFrameworksBuildPhase;
			buildActionMask = 2147483647;
			files = (
				43367DC7E57F44CAA28CAAA0 /* Pods_task1Movie1.framework in Frameworks */,
			);
			runOnlyForDeploymentPostprocessing = 0;
		};
		C448B38C2D39141D00FDA8DE /* Frameworks */ = {
			isa = PBXFrameworksBuildPhase;
			buildActionMask = 2147483647;
			files = (
				F5F2965FB66247C2D5E3EBF1 /* Pods_task1Movie1Tests.framework in Frameworks */,
			);
			runOnlyForDeploymentPostprocessing = 0;
		};
		C448B3962D39141D00FDA8DE /* Frameworks */ = {
			isa = PBXFrameworksBuildPhase;
			buildActionMask = 2147483647;
			files = (
				2C8E4B9C7211AF9AB23D62D3 /* Pods_task1Movie1_task1Movie1UITests.framework in Frameworks */,
			);
			runOnlyForDeploymentPostprocessing = 0;
		};
/* End PBXFrameworksBuildPhase section */

/* Begin PBXGroup section */
		1C664CC160BA2F11CDCC2243 /* Frameworks */ = {
			isa = PBXGroup;
			children = (
				143CAC69F91E26939259C51A /* Pods_task1Movie1.framework */,
				FDD7ADF3042CC440BAFEB47D /* Pods_task1Movie1_task1Movie1UITests.framework */,
				0110932642FCD0EE6B3DEC45 /* Pods_task1Movie1Tests.framework */,
			);
			name = Frameworks;
			sourceTree = "<group>";
		};
		C448B36D2D39141B00FDA8DE = {
			isa = PBXGroup;
			children = (
				C448B3782D39141B00FDA8DE /* task1Movie1 */,
				C448B3772D39141B00FDA8DE /* Products */,
				EE93D249487A73E587DAEBAE /* Pods */,
				1C664CC160BA2F11CDCC2243 /* Frameworks */,
			);
			sourceTree = "<group>";
		};
		C448B3772D39141B00FDA8DE /* Products */ = {
			isa = PBXGroup;
			children = (
				C448B3762D39141B00FDA8DE /* task1Movie1.app */,
				C448B38F2D39141D00FDA8DE /* task1Movie1Tests.xctest */,
				C448B3992D39141D00FDA8DE /* task1Movie1UITests.xctest */,
			);
			name = Products;
			sourceTree = "<group>";
		};
		EE93D249487A73E587DAEBAE /* Pods */ = {
			isa = PBXGroup;
			children = (
				EE83C0BAA8F1544C291C10C4 /* Pods-task1Movie1.debug.xcconfig */,
				66916CEC8CE7F99DA2874F20 /* Pods-task1Movie1.release.xcconfig */,
			);
			path = Pods;
			sourceTree = "<group>";
		};
/* End PBXGroup section */

/* Begin PBXNativeTarget section */
		C448B3752D39141B00FDA8DE /* task1Movie1 */ = {
			isa = PBXNativeTarget;
			buildConfigurationList = C448B3A22D39141D00FDA8DE /* Build configuration list for PBXNativeTarget "task1Movie1" */;
			buildPhases = (
				19072E5DA1BEDB782ED8FEA9 /* [CP] Check Pods Manifest.lock */,
				C448B3722D39141B00FDA8DE /* Sources */,
				C448B3732D39141B00FDA8DE /* Frameworks */,
				C448B3742D39141B00FDA8DE /* Resources */,
				33122E8BCB80BF0C715FB0C1 /* [CP] Embed Pods Frameworks */,
			);
			buildRules = (
			);
			dependencies = (
			);
			fileSystemSynchronizedGroups = (
				C448B3782D39141B00FDA8DE /* task1Movie1 */,
			);
			name = task1Movie1;
			productName = task1Movie1;
			productReference = C448B3762D39141B00FDA8DE /* task1Movie1.app */;
			productType = "com.apple.product-type.application";
		};
		C448B38E2D39141D00FDA8DE /* task1Movie1Tests */ = {
			isa = PBXNativeTarget;
			buildConfigurationList = C448B3A72D39141D00FDA8DE /* Build configuration list for PBXNativeTarget "task1Movie1Tests" */;
			buildPhases = (
				7471775E6E7155A7A1E5D262 /* [CP] Check Pods Manifest.lock */,
				C448B38B2D39141D00FDA8DE /* Sources */,
				C448B38C2D39141D00FDA8DE /* Frameworks */,
				C448B38D2D39141D00FDA8DE /* Resources */,
			);
			buildRules = (
			);
			dependencies = (
				C448B3912D39141D00FDA8DE /* PBXTargetDependency */,
			);
			name = task1Movie1Tests;
			productName = task1Movie1Tests;
			productReference = C448B38F2D39141D00FDA8DE /* task1Movie1Tests.xctest */;
			productType = "com.apple.product-type.bundle.unit-test";
		};
		C448B3982D39141D00FDA8DE /* task1Movie1UITests */ = {
			isa = PBXNativeTarget;
			buildConfigurationList = C448B3AA2D39141D00FDA8DE /* Build configuration list for PBXNativeTarget "task1Movie1UITests" */;
			buildPhases = (
				4228FBA9C1D2A9241239099B /* [CP] Check Pods Manifest.lock */,
				C448B3952D39141D00FDA8DE /* Sources */,
				C448B3962D39141D00FDA8DE /* Frameworks */,
				C448B3972D39141D00FDA8DE /* Resources */,
				233F66CE198458F12487B4DA /* [CP] Embed Pods Frameworks */,
			);
			buildRules = (
			);
			dependencies = (
				C448B39B2D39141D00FDA8DE /* PBXTargetDependency */,
			);
			name = task1Movie1UITests;
			productName = task1Movie1UITests;
			productReference = C448B3992D39141D00FDA8DE /* task1Movie1UITests.xctest */;
			productType = "com.apple.product-type.bundle.ui-testing";
		};
/* End PBXNativeTarget section */

/* Begin PBXProject section */
		C448B36E2D39141B00FDA8DE /* Project object */ = {
			isa = PBXProject;
			attributes = {
				BuildIndependentTargetsInParallel = 1;
				LastSwiftUpdateCheck = 1620;
				LastUpgradeCheck = 1620;
				TargetAttributes = {
					C448B3752D39141B00FDA8DE = {
						CreatedOnToolsVersion = 16.2;
					};
					C448B38E2D39141D00FDA8DE = {
						CreatedOnToolsVersion = 16.2;
						TestTargetID = C448B3752D39141B00FDA8DE;
					};
					C448B3982D39141D00FDA8DE = {
						CreatedOnToolsVersion = 16.2;
						TestTargetID = C448B3752D39141B00FDA8DE;
					};
				};
			};
			buildConfigurationList = C448B3712D39141B00FDA8DE /* Build configuration list for PBXProject "task1Movie1" */;
			developmentRegion = en;
			hasScannedForEncodings = 0;
			knownRegions = (
				en,
				Base,
			);
			mainGroup = C448B36D2D39141B00FDA8DE;
			minimizedProjectReferenceProxies = 1;
			preferredProjectObjectVersion = 77;
			productRefGroup = C448B3772D39141B00FDA8DE /* Products */;
			projectDirPath = "";
			projectRoot = "";
			targets = (
				C448B3752D39141B00FDA8DE /* task1Movie1 */,
				C448B38E2D39141D00FDA8DE /* task1Movie1Tests */,
				C448B3982D39141D00FDA8DE /* task1Movie1UITests */,
			);
		};
/* End PBXProject section */

/* Begin PBXResourcesBuildPhase section */
		C448B3742D39141B00FDA8DE /* Resources */ = {
			isa = PBXResourcesBuildPhase;
			buildActionMask = 2147483647;
			files = (
			);
			runOnlyForDeploymentPostprocessing = 0;
		};
		C448B38D2D39141D00FDA8DE /* Resources */ = {
			isa = PBXResourcesBuildPhase;
			buildActionMask = 2147483647;
			files = (
			);
			runOnlyForDeploymentPostprocessing = 0;
		};
		C448B3972D39141D00FDA8DE /* Resources */ = {
			isa = PBXResourcesBuildPhase;
			buildActionMask = 2147483647;
			files = (
			);
			runOnlyForDeploymentPostprocessing = 0;
		};
/* End PBXResourcesBuildPhase section */

/* Begin PBXShellScriptBuildPhase section */
		19072E5DA1BEDB782ED8FEA9 /* [CP] Check Pods Manifest.lock */ = {
			isa = PBXShellScriptBuildPhase;
			buildActionMask = 2147483647;
			files = (
			);
			inputFileListPaths = (
			);
			inputPaths = (
				"${PODS_PODFILE_DIR_PATH}/Podfile.lock",
				"${PODS_ROOT}/Manifest.lock",
			);
			name = "[CP] Check Pods Manifest.lock";
			outputFileListPaths = (
			);
			outputPaths = (
				"$(DERIVED_FILE_DIR)/Pods-task1Movie1-checkManifestLockResult.txt",
			);
			runOnlyForDeploymentPostprocessing = 0;
			shellPath = /bin/sh;
			shellScript = "diff \"${PODS_PODFILE_DIR_PATH}/Podfile.lock\" \"${PODS_ROOT}/Manifest.lock\" > /dev/null\nif [ $? != 0 ] ; then\n    # print error to STDERR\n    echo \"error: The sandbox is not in sync with the Podfile.lock. Run 'pod install' or update your CocoaPods installation.\" >&2\n    exit 1\nfi\n# This output is used by Xcode 'outputs' to avoid re-running this script phase.\necho \"SUCCESS\" > \"${SCRIPT_OUTPUT_FILE_0}\"\n";
			showEnvVarsInLog = 0;
		};
		233F66CE198458F12487B4DA /* [CP] Embed Pods Frameworks */ = {
			isa = PBXShellScriptBuildPhase;
			buildActionMask = 2147483647;
			files = (
			);
			inputFileListPaths = (
				"${PODS_ROOT}/Target Support Files/Pods-task1Movie1-task1Movie1UITests/Pods-task1Movie1-task1Movie1UITests-frameworks-${CONFIGURATION}-input-files.xcfilelist",
			);
			name = "[CP] Embed Pods Frameworks";
			outputFileListPaths = (
				"${PODS_ROOT}/Target Support Files/Pods-task1Movie1-task1Movie1UITests/Pods-task1Movie1-task1Movie1UITests-frameworks-${CONFIGURATION}-output-files.xcfilelist",
			);
			runOnlyForDeploymentPostprocessing = 0;
			shellPath = /bin/sh;
			shellScript = "\"${PODS_ROOT}/Target Support Files/Pods-task1Movie1-task1Movie1UITests/Pods-task1Movie1-task1Movie1UITests-frameworks.sh\"\n";
			showEnvVarsInLog = 0;
		};
		33122E8BCB80BF0C715FB0C1 /* [CP] Embed Pods Frameworks */ = {
			isa = PBXShellScriptBuildPhase;
			buildActionMask = 2147483647;
			files = (
			);
			inputFileListPaths = (
				"${PODS_ROOT}/Target Support Files/Pods-task1Movie1/Pods-task1Movie1-frameworks-${CONFIGURATION}-input-files.xcfilelist",
			);
			name = "[CP] Embed Pods Frameworks";
			outputFileListPaths = (
				"${PODS_ROOT}/Target Support Files/Pods-task1Movie1/Pods-task1Movie1-frameworks-${CONFIGURATION}-output-files.xcfilelist",
			);
			runOnlyForDeploymentPostprocessing = 0;
			shellPath = /bin/sh;
			shellScript = "\"${PODS_ROOT}/Target Support Files/Pods-task1Movie1/Pods-task1Movie1-frameworks.sh\"\n";
			showEnvVarsInLog = 0;
		};
		4228FBA9C1D2A9241239099B /* [CP] Check Pods Manifest.lock */ = {
			isa = PBXShellScriptBuildPhase;
			buildActionMask = 2147483647;
			files = (
			);
			inputFileListPaths = (
			);
			inputPaths = (
				"${PODS_PODFILE_DIR_PATH}/Podfile.lock",
				"${PODS_ROOT}/Manifest.lock",
			);
			name = "[CP] Check Pods Manifest.lock";
			outputFileListPaths = (
			);
			outputPaths = (
				"$(DERIVED_FILE_DIR)/Pods-task1Movie1-task1Movie1UITests-checkManifestLockResult.txt",
			);
			runOnlyForDeploymentPostprocessing = 0;
			shellPath = /bin/sh;
			shellScript = "diff \"${PODS_PODFILE_DIR_PATH}/Podfile.lock\" \"${PODS_ROOT}/Manifest.lock\" > /dev/null\nif [ $? != 0 ] ; then\n    # print error to STDERR\n    echo \"error: The sandbox is not in sync with the Podfile.lock. Run 'pod install' or update your CocoaPods installation.\" >&2\n    exit 1\nfi\n# This output is used by Xcode 'outputs' to avoid re-running this script phase.\necho \"SUCCESS\" > \"${SCRIPT_OUTPUT_FILE_0}\"\n";
			showEnvVarsInLog = 0;
		};
		7471775E6E7155A7A1E5D262 /* [CP] Check Pods Manifest.lock */ = {
			isa = PBXShellScriptBuildPhase;
			buildActionMask = 2147483647;
			files = (
			);
			inputFileListPaths = (
			);
			inputPaths = (
				"${PODS_PODFILE_DIR_PATH}/Podfile.lock",
				"${PODS_ROOT}/Manifest.lock",
			);
			name = "[CP] Check Pods Manifest.lock";
			outputFileListPaths = (
			);
			outputPaths = (
				"$(DERIVED_FILE_DIR)/Pods-task1Movie1Tests-checkManifestLockResult.txt",
			);
			runOnlyForDeploymentPostprocessing = 0;
			shellPath = /bin/sh;
			shellScript = "diff \"${PODS_PODFILE_DIR_PATH}/Podfile.lock\" \"${PODS_ROOT}/Manifest.lock\" > /dev/null\nif [ $? != 0 ] ; then\n    # print error to STDERR\n    echo \"error: The sandbox is not in sync with the Podfile.lock. Run 'pod install' or update your CocoaPods installation.\" >&2\n    exit 1\nfi\n# This output is used by Xcode 'outputs' to avoid re-running this script phase.\necho \"SUCCESS\" > \"${SCRIPT_OUTPUT_FILE_0}\"\n";
			showEnvVarsInLog = 0;
		};
/* End PBXShellScriptBuildPhase section */

/* Begin PBXSourcesBuildPhase section */
		C448B3722D39141B00FDA8DE /* Sources */ = {
			isa = PBXSourcesBuildPhase;
			buildActionMask = 2147483647;
			files = (
			);
			runOnlyForDeploymentPostprocessing = 0;
		};
		C448B38B2D39141D00FDA8DE /* Sources */ = {
			isa = PBXSourcesBuildPhase;
			buildActionMask = 2147483647;
			files = (
			);
			runOnlyForDeploymentPostprocessing = 0;
		};
		C448B3952D39141D00FDA8DE /* Sources */ = {
			isa = PBXSourcesBuildPhase;
			buildActionMask = 2147483647;
			files = (
			);
			runOnlyForDeploymentPostprocessing = 0;
		};
/* End PBXSourcesBuildPhase section */

/* Begin PBXTargetDependency section */
		C448B3912D39141D00FDA8DE /* PBXTargetDependency */ = {
			isa = PBXTargetDependency;
			target = C448B3752D39141B00FDA8DE /* task1Movie1 */;
			targetProxy = C448B3902D39141D00FDA8DE /* PBXContainerItemProxy */;
		};
		C448B39B2D39141D00FDA8DE /* PBXTargetDependency */ = {
			isa = PBXTargetDependency;
			target = C448B3752D39141B00FDA8DE /* task1Movie1 */;
			targetProxy = C448B39A2D39141D00FDA8DE /* PBXContainerItemProxy */;
		};
/* End PBXTargetDependency section */

/* Begin XCBuildConfiguration section */
		C448B3A32D39141D00FDA8DE /* Debug */ = {
			isa = XCBuildConfiguration;
			baseConfigurationReference = EE83C0BAA8F1544C291C10C4 /* Pods-task1Movie1.debug.xcconfig */;
			buildSettings = {
				ASSETCATALOG_COMPILER_APPICON_NAME = AppIcon;
				ASSETCATALOG_COMPILER_GLOBAL_ACCENT_COLOR_NAME = AccentColor;
				CODE_SIGN_STYLE = Automatic;
				CURRENT_PROJECT_VERSION = 1;
				GENERATE_INFOPLIST_FILE = YES;
				INFOPLIST_FILE = task1Movie1/Info.plist;
				INFOPLIST_KEY_UIApplicationSupportsIndirectInputEvents = YES;
				INFOPLIST_KEY_UILaunchStoryboardName = LaunchScreen;
				INFOPLIST_KEY_UIMainStoryboardFile = Main;
				INFOPLIST_KEY_UISupportedInterfaceOrientations_iPad = "UIInterfaceOrientationPortrait UIInterfaceOrientationPortraitUpsideDown UIInterfaceOrientationLandscapeLeft UIInterfaceOrientationLandscapeRight";
				INFOPLIST_KEY_UISupportedInterfaceOrientations_iPhone = "UIInterfaceOrientationPortrait UIInterfaceOrientationLandscapeLeft UIInterfaceOrientationLandscapeRight";
				IPHONEOS_DEPLOYMENT_TARGET = 15.6;
				LD_RUNPATH_SEARCH_PATHS = (
					"$(inherited)",
					"@executable_path/Frameworks",
				);
				MARKETING_VERSION = 1.0;
				PRODUCT_BUNDLE_IDENTIFIER = iti.task1Movie1;
				PRODUCT_NAME = "$(TARGET_NAME)";
				SWIFT_EMIT_LOC_STRINGS = YES;
				SWIFT_VERSION = 5.0;
				TARGETED_DEVICE_FAMILY = "1,2";
			};
			name = Debug;
		};
		C448B3A42D39141D00FDA8DE /* Release */ = {
			isa = XCBuildConfiguration;
			baseConfigurationReference = 66916CEC8CE7F99DA2874F20 /* Pods-task1Movie1.release.xcconfig */;
			buildSettings = {
				ASSETCATALOG_COMPILER_APPICON_NAME = AppIcon;
				ASSETCATALOG_COMPILER_GLOBAL_ACCENT_COLOR_NAME = AccentColor;
				CODE_SIGN_STYLE = Automatic;
				CURRENT_PROJECT_VERSION = 1;
				GENERATE_INFOPLIST_FILE = YES;
				INFOPLIST_FILE = task1Movie1/Info.plist;
				INFOPLIST_KEY_UIApplicationSupportsIndirectInputEvents = YES;
				INFOPLIST_KEY_UILaunchStoryboardName = LaunchScreen;
				INFOPLIST_KEY_UIMainStoryboardFile = Main;
				INFOPLIST_KEY_UISupportedInterfaceOrientations_iPad = "UIInterfaceOrientationPortrait UIInterfaceOrientationPortraitUpsideDown UIInterfaceOrientationLandscapeLeft UIInterfaceOrientationLandscapeRight";
				INFOPLIST_KEY_UISupportedInterfaceOrientations_iPhone = "UIInterfaceOrientationPortrait UIInterfaceOrientationLandscapeLeft UIInterfaceOrientationLandscapeRight";
				IPHONEOS_DEPLOYMENT_TARGET = 15.6;
				LD_RUNPATH_SEARCH_PATHS = (
					"$(inherited)",
					"@executable_path/Frameworks",
				);
				MARKETING_VERSION = 1.0;
				PRODUCT_BUNDLE_IDENTIFIER = iti.task1Movie1;
				PRODUCT_NAME = "$(TARGET_NAME)";
				SWIFT_EMIT_LOC_STRINGS = YES;
				SWIFT_VERSION = 5.0;
				TARGETED_DEVICE_FAMILY = "1,2";
			};
			name = Release;
		};
		C448B3A52D39141D00FDA8DE /* Debug */ = {
			isa = XCBuildConfiguration;
			buildSettings = {
				ALWAYS_SEARCH_USER_PATHS = NO;
				ASSETCATALOG_COMPILER_GENERATE_SWIFT_ASSET_SYMBOL_EXTENSIONS = YES;
				CLANG_ANALYZER_NONNULL = YES;
				CLANG_ANALYZER_NUMBER_OBJECT_CONVERSION = YES_AGGRESSIVE;
				CLANG_CXX_LANGUAGE_STANDARD = "gnu++20";
				CLANG_ENABLE_MODULES = YES;
				CLANG_ENABLE_OBJC_ARC = YES;
				CLANG_ENABLE_OBJC_WEAK = YES;
				CLANG_WARN_BLOCK_CAPTURE_AUTORELEASING = YES;
				CLANG_WARN_BOOL_CONVERSION = YES;
				CLANG_WARN_COMMA = YES;
				CLANG_WARN_CONSTANT_CONVERSION = YES;
				CLANG_WARN_DEPRECATED_OBJC_IMPLEMENTATIONS = YES;
				CLANG_WARN_DIRECT_OBJC_ISA_USAGE = YES_ERROR;
				CLANG_WARN_DOCUMENTATION_COMMENTS = YES;
				CLANG_WARN_EMPTY_BODY = YES;
				CLANG_WARN_ENUM_CONVERSION = YES;
				CLANG_WARN_INFINITE_RECURSION = YES;
				CLANG_WARN_INT_CONVERSION = YES;
				CLANG_WARN_NON_LITERAL_NULL_CONVERSION = YES;
				CLANG_WARN_OBJC_IMPLICIT_RETAIN_SELF = YES;
				CLANG_WARN_OBJC_LITERAL_CONVERSION = YES;
				CLANG_WARN_OBJC_ROOT_CLASS = YES_ERROR;
				CLANG_WARN_QUOTED_INCLUDE_IN_FRAMEWORK_HEADER = YES;
				CLANG_WARN_RANGE_LOOP_ANALYSIS = YES;
				CLANG_WARN_STRICT_PROTOTYPES = YES;
				CLANG_WARN_SUSPICIOUS_MOVE = YES;
				CLANG_WARN_UNGUARDED_AVAILABILITY = YES_AGGRESSIVE;
				CLANG_WARN_UNREACHABLE_CODE = YES;
				CLANG_WARN__DUPLICATE_METHOD_MATCH = YES;
				COPY_PHASE_STRIP = NO;
				DEBUG_INFORMATION_FORMAT = dwarf;
				ENABLE_STRICT_OBJC_MSGSEND = YES;
				ENABLE_TESTABILITY = YES;
				ENABLE_USER_SCRIPT_SANDBOXING = NO;
				GCC_C_LANGUAGE_STANDARD = gnu17;
				GCC_DYNAMIC_NO_PIC = NO;
				GCC_NO_COMMON_BLOCKS = YES;
				GCC_OPTIMIZATION_LEVEL = 0;
				GCC_PREPROCESSOR_DEFINITIONS = (
					"DEBUG=1",
					"$(inherited)",
				);
				GCC_WARN_64_TO_32_BIT_CONVERSION = YES;
				GCC_WARN_ABOUT_RETURN_TYPE = YES_ERROR;
				GCC_WARN_UNDECLARED_SELECTOR = YES;
				GCC_WARN_UNINITIALIZED_AUTOS = YES_AGGRESSIVE;
				GCC_WARN_UNUSED_FUNCTION = YES;
				GCC_WARN_UNUSED_VARIABLE = YES;
				IPHONEOS_DEPLOYMENT_TARGET = 18.2;
				LOCALIZATION_PREFERS_STRING_CATALOGS = YES;
				MTL_ENABLE_DEBUG_INFO = INCLUDE_SOURCE;
				MTL_FAST_MATH = YES;
				ONLY_ACTIVE_ARCH = YES;
				SDKROOT = iphoneos;
				SWIFT_ACTIVE_COMPILATION_CONDITIONS = "DEBUG $(inherited)";
				SWIFT_OPTIMIZATION_LEVEL = "-Onone";
			};
			name = Debug;
		};
		C448B3A62D39141D00FDA8DE /* Release */ = {
			isa = XCBuildConfiguration;
			buildSettings = {
				ALWAYS_SEARCH_USER_PATHS = NO;
				ASSETCATALOG_COMPILER_GENERATE_SWIFT_ASSET_SYMBOL_EXTENSIONS = YES;
				CLANG_ANALYZER_NONNULL = YES;
				CLANG_ANALYZER_NUMBER_OBJECT_CONVERSION = YES_AGGRESSIVE;
				CLANG_CXX_LANGUAGE_STANDARD = "gnu++20";
				CLANG_ENABLE_MODULES = YES;
				CLANG_ENABLE_OBJC_ARC = YES;
				CLANG_ENABLE_OBJC_WEAK = YES;
				CLANG_WARN_BLOCK_CAPTURE_AUTORELEASING = YES;
				CLANG_WARN_BOOL_CONVERSION = YES;
				CLANG_WARN_COMMA = YES;
				CLANG_WARN_CONSTANT_CONVERSION = YES;
				CLANG_WARN_DEPRECATED_OBJC_IMPLEMENTATIONS = YES;
				CLANG_WARN_DIRECT_OBJC_ISA_USAGE = YES_ERROR;
				CLANG_WARN_DOCUMENTATION_COMMENTS = YES;
				CLANG_WARN_EMPTY_BODY = YES;
				CLANG_WARN_ENUM_CONVERSION = YES;
				CLANG_WARN_INFINITE_RECURSION = YES;
				CLANG_WARN_INT_CONVERSION = YES;
				CLANG_WARN_NON_LITERAL_NULL_CONVERSION = YES;
				CLANG_WARN_OBJC_IMPLICIT_RETAIN_SELF = YES;
				CLANG_WARN_OBJC_LITERAL_CONVERSION = YES;
				CLANG_WARN_OBJC_ROOT_CLASS = YES_ERROR;
				CLANG_WARN_QUOTED_INCLUDE_IN_FRAMEWORK_HEADER = YES;
				CLANG_WARN_RANGE_LOOP_ANALYSIS = YES;
				CLANG_WARN_STRICT_PROTOTYPES = YES;
				CLANG_WARN_SUSPICIOUS_MOVE = YES;
				CLANG_WARN_UNGUARDED_AVAILABILITY = YES_AGGRESSIVE;
				CLANG_WARN_UNREACHABLE_CODE = YES;
				CLANG_WARN__DUPLICATE_METHOD_MATCH = YES;
				COPY_PHASE_STRIP = NO;
				DEBUG_INFORMATION_FORMAT = "dwarf-with-dsym";
				ENABLE_NS_ASSERTIONS = NO;
				ENABLE_STRICT_OBJC_MSGSEND = YES;
				ENABLE_USER_SCRIPT_SANDBOXING = NO;
				GCC_C_LANGUAGE_STANDARD = gnu17;
				GCC_NO_COMMON_BLOCKS = YES;
				GCC_WARN_64_TO_32_BIT_CONVERSION = YES;
				GCC_WARN_ABOUT_RETURN_TYPE = YES_ERROR;
				GCC_WARN_UNDECLARED_SELECTOR = YES;
				GCC_WARN_UNINITIALIZED_AUTOS = YES_AGGRESSIVE;
				GCC_WARN_UNUSED_FUNCTION = YES;
				GCC_WARN_UNUSED_VARIABLE = YES;
				IPHONEOS_DEPLOYMENT_TARGET = 18.2;
				LOCALIZATION_PREFERS_STRING_CATALOGS = YES;
				MTL_ENABLE_DEBUG_INFO = NO;
				MTL_FAST_MATH = YES;
				SDKROOT = iphoneos;
				SWIFT_COMPILATION_MODE = wholemodule;
				VALIDATE_PRODUCT = YES;
			};
			name = Release;
		};
		C448B3A82D39141D00FDA8DE /* Debug */ = {
			isa = XCBuildConfiguration;
			buildSettings = {
				BUNDLE_LOADER = "$(TEST_HOST)";
				CODE_SIGN_STYLE = Automatic;
				CURRENT_PROJECT_VERSION = 1;
				GENERATE_INFOPLIST_FILE = YES;
				IPHONEOS_DEPLOYMENT_TARGET = 18.2;
				MARKETING_VERSION = 1.0;
				PRODUCT_BUNDLE_IDENTIFIER = iti.task1Movie1Tests;
				PRODUCT_NAME = "$(TARGET_NAME)";
				SWIFT_EMIT_LOC_STRINGS = NO;
				SWIFT_VERSION = 5.0;
				TARGETED_DEVICE_FAMILY = "1,2";
				TEST_HOST = "$(BUILT_PRODUCTS_DIR)/task1Movie1.app/$(BUNDLE_EXECUTABLE_FOLDER_PATH)/task1Movie1";
			};
			name = Debug;
		};
		C448B3A92D39141D00FDA8DE /* Release */ = {
			isa = XCBuildConfiguration;
			buildSettings = {
				BUNDLE_LOADER = "$(TEST_HOST)";
				CODE_SIGN_STYLE = Automatic;
				CURRENT_PROJECT_VERSION = 1;
				GENERATE_INFOPLIST_FILE = YES;
				IPHONEOS_DEPLOYMENT_TARGET = 18.2;
				MARKETING_VERSION = 1.0;
				PRODUCT_BUNDLE_IDENTIFIER = iti.task1Movie1Tests;
				PRODUCT_NAME = "$(TARGET_NAME)";
				SWIFT_EMIT_LOC_STRINGS = NO;
				SWIFT_VERSION = 5.0;
				TARGETED_DEVICE_FAMILY = "1,2";
				TEST_HOST = "$(BUILT_PRODUCTS_DIR)/task1Movie1.app/$(BUNDLE_EXECUTABLE_FOLDER_PATH)/task1Movie1";
			};
			name = Release;
		};
		C448B3AB2D39141D00FDA8DE /* Debug */ = {
			isa = XCBuildConfiguration;
			buildSettings = {
				CODE_SIGN_STYLE = Automatic;
				CURRENT_PROJECT_VERSION = 1;
				GENERATE_INFOPLIST_FILE = YES;
				MARKETING_VERSION = 1.0;
				PRODUCT_BUNDLE_IDENTIFIER = iti.task1Movie1UITests;
				PRODUCT_NAME = "$(TARGET_NAME)";
				SWIFT_EMIT_LOC_STRINGS = NO;
				SWIFT_VERSION = 5.0;
				TARGETED_DEVICE_FAMILY = "1,2";
				TEST_TARGET_NAME = task1Movie1;
			};
			name = Debug;
		};
		C448B3AC2D39141D00FDA8DE /* Release */ = {
			isa = XCBuildConfiguration;
			buildSettings = {
				CODE_SIGN_STYLE = Automatic;
				CURRENT_PROJECT_VERSION = 1;
				GENERATE_INFOPLIST_FILE = YES;
				MARKETING_VERSION = 1.0;
				PRODUCT_BUNDLE_IDENTIFIER = iti.task1Movie1UITests;
				PRODUCT_NAME = "$(TARGET_NAME)";
				SWIFT_EMIT_LOC_STRINGS = NO;
				SWIFT_VERSION = 5.0;
				TARGETED_DEVICE_FAMILY = "1,2";
				TEST_TARGET_NAME = task1Movie1;
			};
			name = Release;
		};
/* End XCBuildConfiguration section */

/* Begin XCConfigurationList section */
		C448B3712D39141B00FDA8DE /* Build configuration list for PBXProject "task1Movie1" */ = {
			isa = XCConfigurationList;
			buildConfigurations = (
				C448B3A52D39141D00FDA8DE /* Debug */,
				C448B3A62D39141D00FDA8DE /* Release */,
			);
			defaultConfigurationIsVisible = 0;
			defaultConfigurationName = Release;
		};
		C448B3A22D39141D00FDA8DE /* Build configuration list for PBXNativeTarget "task1Movie1" */ = {
			isa = XCConfigurationList;
			buildConfigurations = (
				C448B3A32D39141D00FDA8DE /* Debug */,
				C448B3A42D39141D00FDA8DE /* Release */,
			);
			defaultConfigurationIsVisible = 0;
			defaultConfigurationName = Release;
		};
		C448B3A72D39141D00FDA8DE /* Build configuration list for PBXNativeTarget "task1Movie1Tests" */ = {
			isa = XCConfigurationList;
			buildConfigurations = (
				C448B3A82D39141D00FDA8DE /* Debug */,
				C448B3A92D39141D00FDA8DE /* Release */,
			);
			defaultConfigurationIsVisible = 0;
			defaultConfigurationName = Release;
		};
		C448B3AA2D39141D00FDA8DE /* Build configuration list for PBXNativeTarget "task1Movie1UITests" */ = {
			isa = XCConfigurationList;
			buildConfigurations = (
				C448B3AB2D39141D00FDA8DE /* Debug */,
				C448B3AC2D39141D00FDA8DE /* Release */,
			);
			defaultConfigurationIsVisible = 0;
			defaultConfigurationName = Release;
		};
/* End XCConfigurationList section */
	};
	rootObject = C448B36E2D39141B00FDA8DE /* Project object */;
}
